<?xml version="1.0" encoding="utf-8"?>
<Project ToolsVersion="4.0" xmlns="http://schemas.microsoft.com/developer/msbuild/2003">
  <ItemGroup>
    <Filter Include="Source Files">
      <UniqueIdentifier>{4FC737F1-C7A5-4376-A066-2A32D752A2FF}</UniqueIdentifier>
      <Extensions>cpp;c;cc;cxx;def;odl;idl;hpj;bat;asm;asmx</Extensions>
    </Filter>
    <Filter Include="Header Files">
      <UniqueIdentifier>{93995380-89BD-4b04-88EB-625FBE52EBFB}</UniqueIdentifier>
      <Extensions>h;hpp;hxx;hm;inl;inc;xsd</Extensions>
    </Filter>
    <Filter Include="Resource Files">
      <UniqueIdentifier>{67DA6AB6-F800-4c08-8B7A-83BB121AAD01}</UniqueIdentifier>
      <Extensions>rc;ico;cur;bmp;dlg;rc2;rct;bin;rgs;gif;jpg;jpeg;jpe;resx;tiff;tif;png;wav;mfcribbon-ms</Extensions>
    </Filter>
  </ItemGroup>
  <ItemGroup>
    <None Include="ReadMe.txt" />
    <None Include="RES\IDR_ZOOM.ICO">
      <Filter>Resource Files</Filter>
    </None>
    <None Include="RES\ZOOMDRAG.CUR">
      <Filter>Resource Files</Filter>
    </None>
    <None Include="RES\ZOOMRECT.CUR">
      <Filter>Resource Files</Filter>
    </None>
    <None Include="RES\DRAWELLIPSE.CUR">
      <Filter>Resource Files</Filter>
    </None>
    <None Include="RES\DRAWELLIPSEDRAG.CUR">
      <Filter>Resource Files</Filter>
    </None>
    <None Include="RES\ZOOMOUT.CUR">
      <Filter>Resource Files</Filter>
    </None>
    <None Include="RES\ZOOMIN.CUR">
      <Filter>Resource Files</Filter>
    </None>
    <None Include="res\cur00001.cur">
      <Filter>Resource Files</Filter>
    </None>
    <None Include="res\cur00002.cur">
      <Filter>Resource Files</Filter>
    </None>
    <None Include="res\roirect1.cur">
      <Filter>Resource Files</Filter>
    </None>
    <None Include="res\roirectd.cur">
      <Filter>Resource Files</Filter>
    </None>
    <None Include="res\roipolyl.cur">
      <Filter>Resource Files</Filter>
    </None>
    <None Include="res\cur00003.cur">
      <Filter>Resource Files</Filter>
    </None>
    <None Include="res\OW2doc.ico">
      <Filter>Resource Files</Filter>
    </None>
    <None Include="res\OW2AGdoc.ico">
      <Filter>Resource Files</Filter>
    </None>
    <None Include="res\OWGEdoc.ico">
      <Filter>Resource Files</Filter>
    </None>
    <None Include="res\OWOLdoc.ico">
      <Filter>Resource Files</Filter>
    </None>
    <None Include="res\idr_main.ico">
      <Filter>Resource Files</Filter>
    </None>
    <None Include="res\toolbar.bmp">
      <Filter>Resource Files</Filter>
    </None>
    <None Include="owge_index.html" />
    <None Include="owol_index.html" />
    <None Include="oifiilib.licenseheader" />
  </ItemGroup>
  <ItemGroup>
    <ClInclude Include="stdafx.h">
      <Filter>Header Files</Filter>
    </ClInclude>
    <ClInclude Include="targetver.h">
      <Filter>Header Files</Filter>
    </ClInclude>
    <ClInclude Include="oifiilib.h">
      <Filter>Header Files</Filter>
    </ClInclude>
    <ClInclude Include="c_debug.h">
      <Filter>Header Files</Filter>
    </ClInclude>
    <ClInclude Include="c_fileio.h">
      <Filter>Header Files</Filter>
    </ClInclude>
    <ClInclude Include="c_pointset.h">
      <Filter>Header Files</Filter>
    </ClInclude>
    <ClInclude Include="c_segmentset.h">
      <Filter>Header Files</Filter>
    </ClInclude>
    <ClInclude Include="c_view.h">
      <Filter>Header Files</Filter>
    </ClInclude>
    <ClInclude Include="c_xyzi.h">
      <Filter>Header Files</Filter>
    </ClInclude>
    <ClInclude Include="OWedgeset.h">
      <Filter>Header Files</Filter>
    </ClInclude>
    <ClInclude Include="OWpixelset.h">
      <Filter>Header Files</Filter>
    </ClInclude>
    <ClInclude Include="owpointset.h">
      <Filter>Header Files</Filter>
    </ClInclude>
    <ClInclude Include="owsegmentset.h">
      <Filter>Header Files</Filter>
    </ClInclude>
    <ClInclude Include="owclassset.h">
      <Filter>Header Files</Filter>
    </ClInclude>
    <ClInclude Include="gl_owgraph.h">
      <Filter>Header Files</Filter>
    </ClInclude>
    <ClInclude Include="owgl_histo.h">
      <Filter>Header Files</Filter>
    </ClInclude>
    <ClInclude Include="owgl_histovw.h">
      <Filter>Header Files</Filter>
    </ClInclude>
    <ClInclude Include="owgl_profile.h">
      <Filter>Header Files</Filter>
    </ClInclude>
    <ClInclude Include="owgl_profilevw.h">
      <Filter>Header Files</Filter>
    </ClInclude>
    <ClInclude Include="owgl_scatter.h">
      <Filter>Header Files</Filter>
    </ClInclude>
    <ClInclude Include="owgl_scattervw.h">
      <Filter>Header Files</Filter>
    </ClInclude>
    <ClInclude Include="LOGDOC.H">
      <Filter>Header Files</Filter>
    </ClInclude>
    <ClInclude Include="LOGMDI.H">
      <Filter>Header Files</Filter>
    </ClInclude>
    <ClInclude Include="LOGVIEW.H">
      <Filter>Header Files</Filter>
    </ClInclude>
    <ClInclude Include="OW2AGdoc.h">
      <Filter>Header Files</Filter>
    </ClInclude>
    <ClInclude Include="OW2AGmdi.h">
      <Filter>Header Files</Filter>
    </ClInclude>
    <ClInclude Include="OW2AGview.h">
      <Filter>Header Files</Filter>
    </ClInclude>
    <ClInclude Include="OW2doc.h">
      <Filter>Header Files</Filter>
    </ClInclude>
    <ClInclude Include="OW2MDI.H">
      <Filter>Header Files</Filter>
    </ClInclude>
    <ClInclude Include="Ow2view.h">
      <Filter>Header Files</Filter>
    </ClInclude>
    <ClInclude Include="OW3VIEW.H">
      <Filter>Header Files</Filter>
    </ClInclude>
    <ClInclude Include="OWDOC.H">
      <Filter>Header Files</Filter>
    </ClInclude>
    <ClInclude Include="OWHtmlView.h">
      <Filter>Header Files</Filter>
    </ClInclude>
    <ClInclude Include="OWmultidoc.h">
      <Filter>Header Files</Filter>
    </ClInclude>
    <ClInclude Include="Owview.h">
      <Filter>Header Files</Filter>
    </ClInclude>
    <ClInclude Include="resource.h">
      <Filter>Header Files</Filter>
    </ClInclude>
    <ClInclude Include="oifii_app.h">
      <Filter>Header Files</Filter>
    </ClInclude>
    <ClInclude Include="oifii_gotodlg.h">
      <Filter>Header Files</Filter>
    </ClInclude>
    <ClInclude Include="oifii_mainfrm.h">
      <Filter>Header Files</Filter>
    </ClInclude>
    <ClInclude Include="oifii_proppage.h">
      <Filter>Header Files</Filter>
    </ClInclude>
    <ClInclude Include="oifii_propsettings.h">
      <Filter>Header Files</Filter>
    </ClInclude>
    <ClInclude Include="oifii_propsheet.h">
      <Filter>Header Files</Filter>
    </ClInclude>
    <ClInclude Include="utility.h">
      <Filter>Header Files</Filter>
    </ClInclude>
  </ItemGroup>
  <ItemGroup>
    <ClCompile Include="stdafx.cpp">
      <Filter>Source Files</Filter>
    </ClCompile>
    <ClCompile Include="oifiilib.cpp">
      <Filter>Source Files</Filter>
    </ClCompile>
    <ClCompile Include="dllmain.cpp">
      <Filter>Source Files</Filter>
    </ClCompile>
    <ClCompile Include="c_debug.cpp">
      <Filter>Source Files</Filter>
    </ClCompile>
    <ClCompile Include="c_fileio.cpp">
      <Filter>Source Files</Filter>
    </ClCompile>
    <ClCompile Include="c_pointset.cpp">
      <Filter>Source Files</Filter>
    </ClCompile>
    <ClCompile Include="c_segmentset.cpp">
      <Filter>Source Files</Filter>
    </ClCompile>
    <ClCompile Include="c_view.cpp">
      <Filter>Source Files</Filter>
    </ClCompile>
    <ClCompile Include="c_xyzi.cpp">
      <Filter>Source Files</Filter>
    </ClCompile>
    <ClCompile Include="OWedgeset.cpp">
      <Filter>Source Files</Filter>
    </ClCompile>
    <ClCompile Include="OWpixelset.cpp">
      <Filter>Source Files</Filter>
    </ClCompile>
    <ClCompile Include="owpointset.cpp">
      <Filter>Source Files</Filter>
    </ClCompile>
    <ClCompile Include="owsegmentset.cpp">
      <Filter>Source Files</Filter>
    </ClCompile>
    <ClCompile Include="owclassset.cpp">
      <Filter>Source Files</Filter>
    </ClCompile>
    <ClCompile Include="gl_datamdi.cpp">
      <Filter>Source Files</Filter>
    </ClCompile>
    <ClCompile Include="gl_dataview.cpp">
      <Filter>Source Files</Filter>
    </ClCompile>
    <ClCompile Include="gl_graphdoc.cpp">
      <Filter>Source Files</Filter>
    </ClCompile>
    <ClCompile Include="gl_graphmdi.cpp">
      <Filter>Source Files</Filter>
    </ClCompile>
    <ClCompile Include="gl_graphset.cpp">
      <Filter>Source Files</Filter>
    </ClCompile>
    <ClCompile Include="gl_graphvw.cpp">
      <Filter>Source Files</Filter>
    </ClCompile>
    <ClCompile Include="owgl_histo.cpp">
      <Filter>Source Files</Filter>
    </ClCompile>
    <ClCompile Include="owgl_histovw.cpp">
      <Filter>Source Files</Filter>
    </ClCompile>
    <ClCompile Include="owgl_profile.cpp">
      <Filter>Source Files</Filter>
    </ClCompile>
    <ClCompile Include="owgl_profilevw.cpp">
      <Filter>Source Files</Filter>
    </ClCompile>
    <ClCompile Include="owgl_scatter.cpp">
      <Filter>Source Files</Filter>
    </ClCompile>
    <ClCompile Include="owgl_scattervw.cpp">
      <Filter>Source Files</Filter>
    </ClCompile>
    <ClCompile Include="LOGDOC.CPP">
      <Filter>Source Files</Filter>
    </ClCompile>
    <ClCompile Include="LOGMDI.CPP">
      <Filter>Source Files</Filter>
    </ClCompile>
    <ClCompile Include="LOGVIEW.CPP">
      <Filter>Source Files</Filter>
    </ClCompile>
    <ClCompile Include="OW2AGdoc.cpp">
      <Filter>Source Files</Filter>
    </ClCompile>
    <ClCompile Include="OW2AGmdi.cpp">
      <Filter>Source Files</Filter>
    </ClCompile>
    <ClCompile Include="OW2AGview.cpp">
      <Filter>Source Files</Filter>
    </ClCompile>
    <ClCompile Include="Ow2doc.cpp">
      <Filter>Source Files</Filter>
    </ClCompile>
    <ClCompile Include="Ow2mdi.cpp">
      <Filter>Source Files</Filter>
    </ClCompile>
    <ClCompile Include="OW2view.cpp">
      <Filter>Source Files</Filter>
    </ClCompile>
    <ClCompile Include="Ow3view.cpp">
      <Filter>Source Files</Filter>
    </ClCompile>
    <ClCompile Include="OWDOC.CPP">
      <Filter>Source Files</Filter>
    </ClCompile>
    <ClCompile Include="OWHtmlView.cpp">
      <Filter>Source Files</Filter>
    </ClCompile>
    <ClCompile Include="OWmultidoc.cpp">
      <Filter>Source Files</Filter>
    </ClCompile>
    <ClCompile Include="OWview.cpp">
      <Filter>Source Files</Filter>
    </ClCompile>
    <ClCompile Include="oifii_app.cpp">
      <Filter>Source Files</Filter>
    </ClCompile>
    <ClCompile Include="oifii_gotodlg.cpp">
      <Filter>Source Files</Filter>
    </ClCompile>
    <ClCompile Include="oifii_mainfrm.cpp">
      <Filter>Source Files</Filter>
    </ClCompile>
    <ClCompile Include="oifii_proppage.cpp">
      <Filter>Source Files</Filter>
    </ClCompile>
    <ClCompile Include="oifii_propsettings.cpp">
      <Filter>Source Files</Filter>
    </ClCompile>
    <ClCompile Include="oifii_propsheet.cpp">
      <Filter>Source Files</Filter>
    </ClCompile>
    <ClCompile Include="utility.cpp">
      <Filter>Source Files</Filter>
    </ClCompile>
  </ItemGroup>
  <ItemGroup>
    <ResourceCompile Include="oifii_app.rc">
      <Filter>Resource Files</Filter>
    </ResourceCompile>
  </ItemGroup>
</Project>